
Microsoft Visual Studio Solution File, Format Version 12.00
# Visual Studio Version 16
VisualStudioVersion = 25.0.1705.0
MinimumVisualStudioVersion = 10.0.40219.1
Project("{FAE04EC0-301F-11D3-BF4B-00C04F79EFBC}") = "StudentApp", "StudentApp\StudentApp.csproj", "{046BA345-D65A-44CF-A2A5-4A2ADFC4DBFA}"
EndProject
Project("{FAE04EC0-301F-11D3-BF4B-00C04F79EFBC}") = "StudentApp.Data", "StudentApp.Data\StudentApp.Data.csproj", "{AF98C749-9498-4B76-B235-26ECDDEA2BAD}"
EndProject
Global
	GlobalSection(SolutionConfigurationPlatforms) = preSolution
		Debug|Any CPU = Debug|Any CPU
		Release|Any CPU = Release|Any CPU
	EndGlobalSection
	GlobalSection(ProjectConfigurationPlatforms) = postSolution
		{046BA345-D65A-44CF-A2A5-4A2ADFC4DBFA}.Debug|Any CPU.ActiveCfg = Debug|Any CPU
		{046BA345-D65A-44CF-A2A5-4A2ADFC4DBFA}.Debug|Any CPU.Build.0 = Debug|Any CPU
		{046BA345-D65A-44CF-A2A5-4A2ADFC4DBFA}.Release|Any CPU.ActiveCfg = Release|Any CPU
		{046BA345-D65A-44CF-A2A5-4A2ADFC4DBFA}.Release|Any CPU.Build.0 = Release|Any CPU
		{AF98C749-9498-4B76-B235-26ECDDEA2BAD}.Debug|Any CPU.ActiveCfg = Debug|Any CPU
		{AF98C749-9498-4B76-B235-26ECDDEA2BAD}.Debug|Any CPU.Build.0 = Debug|Any CPU
		{AF98C749-9498-4B76-B235-26ECDDEA2BAD}.Release|Any CPU.ActiveCfg = Release|Any CPU
		{AF98C749-9498-4B76-B235-26ECDDEA2BAD}.Release|Any CPU.Build.0 = Release|Any CPU
	EndGlobalSection
	GlobalSection(SolutionProperties) = preSolution
		HideSolutionNode = FALSE
	EndGlobalSection
	GlobalSection(ExtensibilityGlobals) = postSolution
		SolutionGuid = {1A28847D-7456-4DEF-9195-1FE0B5D56674}
	EndGlobalSection
EndGlobal
